{
  "version": 4,
  "terraform_version": "1.11.3",
  "serial": 52,
  "lineage": "a501d3b1-1cc8-5690-c3ee-bf5fbc69eb46",
  "outputs": {
    "wabapp_url": {
      "value": "taskboard94211.azurewebsites.net",
      "type": "string"
    },
    "webapp_ips": {
      "value": "51.104.141.44,51.104.141.46,51.104.141.84,51.104.141.89,51.104.141.131,51.104.141.133,51.104.139.136,51.104.139.141,51.104.139.142,51.104.139.164,51.104.139.224,51.104.140.53,20.107.224.56",
      "type": "string"
    }
  },
  "resources": [
    {
      "mode": "managed",
      "type": "azurerm_app_service_source_control",
      "name": "aassc",
      "provider": "provider[\"registry.terraform.io/hashicorp/azurerm\"]",
      "instances": [
        {
          "schema_version": 0,
          "attributes": {
            "app_id": "/subscriptions/1e958f36-7d06-4241-82f6-01964b91529e/resourceGroups/TaskBoardRG94211/providers/Microsoft.Web/sites/TaskBoard94211",
            "branch": "main",
            "github_action_configuration": [],
            "id": "/subscriptions/1e958f36-7d06-4241-82f6-01964b91529e/resourceGroups/TaskBoardRG94211/providers/Microsoft.Web/sites/TaskBoard94211",
            "repo_url": "https://github.com/zlatin-r/Azure-Web-App-with-Database-TaskBoard",
            "rollback_enabled": false,
            "scm_type": "ExternalGit",
            "timeouts": null,
            "use_local_git": false,
            "use_manual_integration": true,
            "use_mercurial": false,
            "uses_github_action": false
          },
          "sensitive_attributes": [],
          "private": "eyJlMmJmYjczMC1lY2FhLTExZTYtOGY4OC0zNDM2M2JjN2M0YzAiOnsiY3JlYXRlIjoxODAwMDAwMDAwMDAwLCJkZWxldGUiOjE4MDAwMDAwMDAwMDAsInJlYWQiOjMwMDAwMDAwMDAwMH19",
          "dependencies": [
            "azurerm_linux_web_app.alwa",
            "azurerm_mssql_database.database",
            "azurerm_mssql_server.sqlserver",
            "azurerm_resource_group.arg",
            "azurerm_service_plan.asp",
            "random_integer.random_int"
          ]
        }
      ]
    },
    {
      "mode": "managed",
      "type": "azurerm_linux_web_app",
      "name": "alwa",
      "provider": "provider[\"registry.terraform.io/hashicorp/azurerm\"]",
      "instances": [
        {
          "schema_version": 1,
          "attributes": {
            "app_settings": null,
            "auth_settings": [],
            "auth_settings_v2": [],
            "backup": [],
            "client_affinity_enabled": false,
            "client_certificate_enabled": false,
            "client_certificate_exclusion_paths": "",
            "client_certificate_mode": "Required",
            "connection_string": [
              {
                "name": "DefaultConnection",
                "type": "SQLAzure",
                "value": "Data Source=tcp:taskboard-sql-server94211.database.windows.net,1433;Initial Catalog=TaskBoardDB94211;User ID=user01;Password=@Aa123456789!;Trusted_Connection=False; MultipleActiveResultSets=True;"
              }
            ],
            "custom_domain_verification_id": "D9005457F128D66C05C4FC625C0571D7104178899F65589C0656E087E0325F5C",
            "default_hostname": "taskboard94211.azurewebsites.net",
            "enabled": true,
            "ftp_publish_basic_authentication_enabled": true,
            "hosting_environment_id": "",
            "https_only": false,
            "id": "/subscriptions/1e958f36-7d06-4241-82f6-01964b91529e/resourceGroups/TaskBoardRG94211/providers/Microsoft.Web/sites/TaskBoard94211",
            "identity": [],
            "key_vault_reference_identity_id": "SystemAssigned",
            "kind": "app,linux",
            "location": "northeurope",
            "logs": [],
            "name": "TaskBoard94211",
            "outbound_ip_address_list": [
              "51.104.141.44",
              "51.104.141.46",
              "51.104.141.84",
              "51.104.141.89",
              "51.104.141.131",
              "51.104.141.133",
              "51.104.139.136",
              "51.104.139.141",
              "51.104.139.142",
              "51.104.139.164",
              "51.104.139.224",
              "51.104.140.53",
              "20.107.224.56"
            ],
            "outbound_ip_addresses": "51.104.141.44,51.104.141.46,51.104.141.84,51.104.141.89,51.104.141.131,51.104.141.133,51.104.139.136,51.104.139.141,51.104.139.142,51.104.139.164,51.104.139.224,51.104.140.53,20.107.224.56",
            "possible_outbound_ip_address_list": [
              "51.104.141.44",
              "51.104.141.46",
              "51.104.141.84",
              "51.104.141.89",
              "51.104.141.131",
              "51.104.141.133",
              "51.104.139.136",
              "51.104.139.141",
              "51.104.139.142",
              "51.104.139.164",
              "51.104.139.224",
              "51.104.140.53",
              "51.104.140.64",
              "51.104.140.116",
              "51.104.140.141",
              "51.104.140.144",
              "51.104.140.149",
              "51.104.140.167",
              "51.104.140.175",
              "51.104.140.188",
              "51.104.140.190",
              "51.104.140.224",
              "51.104.141.15",
              "51.104.141.31",
              "51.104.141.142",
              "51.104.141.144",
              "51.104.141.150",
              "51.104.141.166",
              "51.104.141.171",
              "51.104.141.175",
              "20.107.224.56"
            ],
            "possible_outbound_ip_addresses": "51.104.141.44,51.104.141.46,51.104.141.84,51.104.141.89,51.104.141.131,51.104.141.133,51.104.139.136,51.104.139.141,51.104.139.142,51.104.139.164,51.104.139.224,51.104.140.53,51.104.140.64,51.104.140.116,51.104.140.141,51.104.140.144,51.104.140.149,51.104.140.167,51.104.140.175,51.104.140.188,51.104.140.190,51.104.140.224,51.104.141.15,51.104.141.31,51.104.141.142,51.104.141.144,51.104.141.150,51.104.141.166,51.104.141.171,51.104.141.175,20.107.224.56",
            "public_network_access_enabled": true,
            "resource_group_name": "TaskBoardRG94211",
            "service_plan_id": "/subscriptions/1e958f36-7d06-4241-82f6-01964b91529e/resourceGroups/TaskBoardRG94211/providers/Microsoft.Web/serverFarms/TaskBoardSP94211",
            "site_config": [
              {
                "always_on": false,
                "api_definition_url": "",
                "api_management_api_id": "",
                "app_command_line": "",
                "application_stack": [
                  {
                    "docker_image": "",
                    "docker_image_name": "",
                    "docker_image_tag": "",
                    "docker_registry_password": "",
                    "docker_registry_url": "",
                    "docker_registry_username": "",
                    "dotnet_version": "6.0",
                    "go_version": "",
                    "java_server": "",
                    "java_server_version": "",
                    "java_version": "",
                    "node_version": "",
                    "php_version": "",
                    "python_version": "",
                    "ruby_version": ""
                  }
                ],
                "auto_heal_enabled": false,
                "auto_heal_setting": [],
                "container_registry_managed_identity_client_id": "",
                "container_registry_use_managed_identity": false,
                "cors": [],
                "default_documents": [
                  "Default.htm",
                  "Default.html",
                  "Default.asp",
                  "index.htm",
                  "index.html",
                  "iisstart.htm",
                  "default.aspx",
                  "index.php",
                  "hostingstart.html"
                ],
                "detailed_error_logging_enabled": false,
                "ftps_state": "Disabled",
                "health_check_eviction_time_in_min": 0,
                "health_check_path": "",
                "http2_enabled": false,
                "ip_restriction": [],
                "ip_restriction_default_action": "Allow",
                "linux_fx_version": "DOTNETCORE|6.0",
                "load_balancing_mode": "LeastRequests",
                "local_mysql_enabled": false,
                "managed_pipeline_mode": "Integrated",
                "minimum_tls_version": "1.2",
                "remote_debugging_enabled": false,
                "remote_debugging_version": "VS2022",
                "scm_ip_restriction": [],
                "scm_ip_restriction_default_action": "Allow",
                "scm_minimum_tls_version": "1.2",
                "scm_type": "None",
                "scm_use_main_ip_restriction": false,
                "use_32_bit_worker": true,
                "vnet_route_all_enabled": false,
                "websockets_enabled": false,
                "worker_count": 1
              }
            ],
            "site_credential": [
              {
                "name": "$TaskBoard94211",
                "password": "ZjnJTh7ZkcbnSkGyg1KsCbtqmMW4SKoKFyEQHBNg5tibe2dEqr9KCWG0knxl"
              }
            ],
            "sticky_settings": [],
            "storage_account": [],
            "tags": null,
            "timeouts": null,
            "virtual_network_subnet_id": "",
            "webdeploy_publish_basic_authentication_enabled": true,
            "zip_deploy_file": ""
          },
          "sensitive_attributes": [
            [
              {
                "type": "get_attr",
                "value": "site_config"
              },
              {
                "type": "index",
                "value": {
                  "value": 0,
                  "type": "number"
                }
              },
              {
                "type": "get_attr",
                "value": "application_stack"
              },
              {
                "type": "index",
                "value": {
                  "value": 0,
                  "type": "number"
                }
              },
              {
                "type": "get_attr",
                "value": "docker_registry_password"
              }
            ],
            [
              {
                "type": "get_attr",
                "value": "site_credential"
              }
            ],
            [
              {
                "type": "get_attr",
                "value": "custom_domain_verification_id"
              }
            ],
            [
              {
                "type": "get_attr",
                "value": "connection_string"
              }
            ]
          ],
          "private": "eyJlMmJmYjczMC1lY2FhLTExZTYtOGY4OC0zNDM2M2JjN2M0YzAiOnsiY3JlYXRlIjoxODAwMDAwMDAwMDAwLCJkZWxldGUiOjE4MDAwMDAwMDAwMDAsInJlYWQiOjMwMDAwMDAwMDAwMCwidXBkYXRlIjoxODAwMDAwMDAwMDAwfSwic2NoZW1hX3ZlcnNpb24iOiIxIn0=",
          "dependencies": [
            "azurerm_mssql_database.database",
            "azurerm_mssql_server.sqlserver",
            "azurerm_resource_group.arg",
            "azurerm_service_plan.asp",
            "random_integer.random_int"
          ]
        }
      ]
    },
    {
      "mode": "managed",
      "type": "azurerm_mssql_database",
      "name": "database",
      "provider": "provider[\"registry.terraform.io/hashicorp/azurerm\"]",
      "instances": [
        {
          "schema_version": 1,
          "attributes": {
            "auto_pause_delay_in_minutes": 0,
            "collation": "SQL_Latin1_General_CP1_CI_AS",
            "create_mode": "Default",
            "creation_source_database_id": null,
            "elastic_pool_id": "",
            "enclave_type": "",
            "geo_backup_enabled": true,
            "id": "/subscriptions/1e958f36-7d06-4241-82f6-01964b91529e/resourceGroups/TaskBoardRG94211/providers/Microsoft.Sql/servers/taskboard-sql-server94211/databases/TaskBoardDB94211",
            "identity": [],
            "import": [],
            "ledger_enabled": false,
            "license_type": "LicenseIncluded",
            "long_term_retention_policy": [
              {
                "immutable_backups_enabled": false,
                "monthly_retention": "PT0S",
                "week_of_year": 1,
                "weekly_retention": "PT0S",
                "yearly_retention": "PT0S"
              }
            ],
            "maintenance_configuration_name": "SQL_Default",
            "max_size_gb": 2,
            "min_capacity": 0,
            "name": "TaskBoardDB94211",
            "read_replica_count": 0,
            "read_scale": false,
            "recover_database_id": null,
            "recovery_point_id": null,
            "restore_dropped_database_id": null,
            "restore_long_term_retention_backup_id": null,
            "restore_point_in_time": null,
            "sample_name": null,
            "secondary_type": "",
            "server_id": "/subscriptions/1e958f36-7d06-4241-82f6-01964b91529e/resourceGroups/TaskBoardRG94211/providers/Microsoft.Sql/servers/taskboard-sql-server94211",
            "short_term_retention_policy": [
              {
                "backup_interval_in_hours": 24,
                "retention_days": 7
              }
            ],
            "sku_name": "S0",
            "storage_account_type": "Geo",
            "tags": null,
            "threat_detection_policy": [
              {
                "disabled_alerts": [],
                "email_account_admins": "Disabled",
                "email_addresses": [],
                "retention_days": 0,
                "state": "Disabled",
                "storage_account_access_key": "",
                "storage_endpoint": ""
              }
            ],
            "timeouts": null,
            "transparent_data_encryption_enabled": true,
            "transparent_data_encryption_key_automatic_rotation_enabled": false,
            "transparent_data_encryption_key_vault_key_id": "",
            "zone_redundant": false
          },
          "sensitive_attributes": [
            [
              {
                "type": "get_attr",
                "value": "threat_detection_policy"
              },
              {
                "type": "index",
                "value": {
                  "value": 0,
                  "type": "number"
                }
              },
              {
                "type": "get_attr",
                "value": "storage_account_access_key"
              }
            ]
          ],
          "private": "eyJlMmJmYjczMC1lY2FhLTExZTYtOGY4OC0zNDM2M2JjN2M0YzAiOnsiY3JlYXRlIjozNjAwMDAwMDAwMDAwLCJkZWxldGUiOjM2MDAwMDAwMDAwMDAsInJlYWQiOjMwMDAwMDAwMDAwMCwidXBkYXRlIjozNjAwMDAwMDAwMDAwfSwic2NoZW1hX3ZlcnNpb24iOiIxIn0=",
          "dependencies": [
            "azurerm_mssql_server.sqlserver",
            "azurerm_resource_group.arg",
            "random_integer.random_int"
          ]
        }
      ]
    },
    {
      "mode": "managed",
      "type": "azurerm_mssql_firewall_rule",
      "name": "firewall",
      "provider": "provider[\"registry.terraform.io/hashicorp/azurerm\"]",
      "instances": [
        {
          "schema_version": 0,
          "attributes": {
            "end_ip_address": "0.0.0.0",
            "id": "/subscriptions/1e958f36-7d06-4241-82f6-01964b91529e/resourceGroups/TaskBoardRG94211/providers/Microsoft.Sql/servers/taskboard-sql-server94211/firewallRules/TaskBoardFireWallRuleName12",
            "name": "TaskBoardFireWallRuleName12",
            "server_id": "/subscriptions/1e958f36-7d06-4241-82f6-01964b91529e/resourceGroups/TaskBoardRG94211/providers/Microsoft.Sql/servers/taskboard-sql-server94211",
            "start_ip_address": "0.0.0.0",
            "timeouts": null
          },
          "sensitive_attributes": [],
          "private": "eyJlMmJmYjczMC1lY2FhLTExZTYtOGY4OC0zNDM2M2JjN2M0YzAiOnsiY3JlYXRlIjoxODAwMDAwMDAwMDAwLCJkZWxldGUiOjE4MDAwMDAwMDAwMDAsInJlYWQiOjMwMDAwMDAwMDAwMCwidXBkYXRlIjoxODAwMDAwMDAwMDAwfX0=",
          "dependencies": [
            "azurerm_mssql_server.sqlserver",
            "azurerm_resource_group.arg",
            "random_integer.random_int"
          ]
        }
      ]
    },
    {
      "mode": "managed",
      "type": "azurerm_mssql_server",
      "name": "sqlserver",
      "provider": "provider[\"registry.terraform.io/hashicorp/azurerm\"]",
      "instances": [
        {
          "schema_version": 0,
          "attributes": {
            "administrator_login": "user01",
            "administrator_login_password": "@Aa123456789!",
            "azuread_administrator": [],
            "connection_policy": "Default",
            "fully_qualified_domain_name": "taskboard-sql-server94211.database.windows.net",
            "id": "/subscriptions/1e958f36-7d06-4241-82f6-01964b91529e/resourceGroups/TaskBoardRG94211/providers/Microsoft.Sql/servers/taskboard-sql-server94211",
            "identity": [],
            "location": "northeurope",
            "minimum_tls_version": "1.2",
            "name": "taskboard-sql-server94211",
            "outbound_network_restriction_enabled": false,
            "primary_user_assigned_identity_id": "",
            "public_network_access_enabled": true,
            "resource_group_name": "TaskBoardRG94211",
            "restorable_dropped_database_ids": [],
            "tags": null,
            "timeouts": null,
            "transparent_data_encryption_key_vault_key_id": "",
            "version": "12.0"
          },
          "sensitive_attributes": [
            [
              {
                "type": "get_attr",
                "value": "administrator_login_password"
              }
            ]
          ],
          "private": "eyJlMmJmYjczMC1lY2FhLTExZTYtOGY4OC0zNDM2M2JjN2M0YzAiOnsiY3JlYXRlIjozNjAwMDAwMDAwMDAwLCJkZWxldGUiOjM2MDAwMDAwMDAwMDAsInJlYWQiOjMwMDAwMDAwMDAwMCwidXBkYXRlIjozNjAwMDAwMDAwMDAwfX0=",
          "dependencies": [
            "azurerm_resource_group.arg",
            "random_integer.random_int"
          ]
        }
      ]
    },
    {
      "mode": "managed",
      "type": "azurerm_resource_group",
      "name": "arg",
      "provider": "provider[\"registry.terraform.io/hashicorp/azurerm\"]",
      "instances": [
        {
          "schema_version": 0,
          "attributes": {
            "id": "/subscriptions/1e958f36-7d06-4241-82f6-01964b91529e/resourceGroups/TaskBoardRG94211",
            "location": "northeurope",
            "managed_by": "",
            "name": "TaskBoardRG94211",
            "tags": null,
            "timeouts": null
          },
          "sensitive_attributes": [],
          "private": "eyJlMmJmYjczMC1lY2FhLTExZTYtOGY4OC0zNDM2M2JjN2M0YzAiOnsiY3JlYXRlIjo1NDAwMDAwMDAwMDAwLCJkZWxldGUiOjU0MDAwMDAwMDAwMDAsInJlYWQiOjMwMDAwMDAwMDAwMCwidXBkYXRlIjo1NDAwMDAwMDAwMDAwfX0=",
          "dependencies": [
            "random_integer.random_int"
          ]
        }
      ]
    },
    {
      "mode": "managed",
      "type": "azurerm_service_plan",
      "name": "asp",
      "provider": "provider[\"registry.terraform.io/hashicorp/azurerm\"]",
      "instances": [
        {
          "schema_version": 1,
          "attributes": {
            "app_service_environment_id": "",
            "id": "/subscriptions/1e958f36-7d06-4241-82f6-01964b91529e/resourceGroups/TaskBoardRG94211/providers/Microsoft.Web/serverFarms/TaskBoardSP94211",
            "kind": "linux",
            "location": "northeurope",
            "maximum_elastic_worker_count": 1,
            "name": "TaskBoardSP94211",
            "os_type": "Linux",
            "per_site_scaling_enabled": false,
            "reserved": true,
            "resource_group_name": "TaskBoardRG94211",
            "sku_name": "F1",
            "tags": null,
            "timeouts": null,
            "worker_count": 1,
            "zone_balancing_enabled": false
          },
          "sensitive_attributes": [],
          "private": "eyJlMmJmYjczMC1lY2FhLTExZTYtOGY4OC0zNDM2M2JjN2M0YzAiOnsiY3JlYXRlIjozNjAwMDAwMDAwMDAwLCJkZWxldGUiOjM2MDAwMDAwMDAwMDAsInJlYWQiOjMwMDAwMDAwMDAwMCwidXBkYXRlIjozNjAwMDAwMDAwMDAwfSwic2NoZW1hX3ZlcnNpb24iOiIxIn0=",
          "dependencies": [
            "azurerm_resource_group.arg",
            "random_integer.random_int"
          ]
        }
      ]
    },
    {
      "mode": "managed",
      "type": "random_integer",
      "name": "random_int",
      "provider": "provider[\"registry.terraform.io/hashicorp/random\"]",
      "instances": [
        {
          "schema_version": 0,
          "attributes": {
            "id": "94211",
            "keepers": null,
            "max": 99999,
            "min": 1,
            "result": 94211,
            "seed": null
          },
          "sensitive_attributes": []
        }
      ]
    }
  ],
  "check_results": null
}
